
Microsoft Visual Studio Solution File, Format Version 12.00
# Visual Studio 15
VisualStudioVersion = 15.0.26228.9
MinimumVisualStudioVersion = 10.0.40219.1
Project("{262852C6-CD72-467D-83FE-5EEB1973A190}") = "CodeCombat", "CodeCombat\CodeCombat.jsproj", "{ABD3F0B5-7D2F-4546-B190-1EFE0FC448EA}"
EndProject
Global
	GlobalSection(SolutionConfigurationPlatforms) = preSolution
		Debug|Any CPU = Debug|Any CPU
		Debug|ARM = Debug|ARM
		Debug|x64 = Debug|x64
		Debug|x86 = Debug|x86
		Release|Any CPU = Release|Any CPU
		Release|ARM = Release|ARM
		Release|x64 = Release|x64
		Release|x86 = Release|x86
	EndGlobalSection
	GlobalSection(ProjectConfigurationPlatforms) = postSolution
		{ABD3F0B5-7D2F-4546-B190-1EFE0FC448EA}.Debug|Any CPU.ActiveCfg = Debug|Any CPU
		{ABD3F0B5-7D2F-4546-B190-1EFE0FC448EA}.Debug|Any CPU.Build.0 = Debug|Any CPU
		{ABD3F0B5-7D2F-4546-B190-1EFE0FC448EA}.Debug|Any CPU.Deploy.0 = Debug|Any CPU
		{ABD3F0B5-7D2F-4546-B190-1EFE0FC448EA}.Debug|ARM.ActiveCfg = Debug|ARM
		{ABD3F0B5-7D2F-4546-B190-1EFE0FC448EA}.Debug|ARM.Build.0 = Debug|ARM
		{ABD3F0B5-7D2F-4546-B190-1EFE0FC448EA}.Debug|ARM.Deploy.0 = Debug|ARM
		{ABD3F0B5-7D2F-4546-B190-1EFE0FC448EA}.Debug|x64.ActiveCfg = Debug|x64
		{ABD3F0B5-7D2F-4546-B190-1EFE0FC448EA}.Debug|x64.Build.0 = Debug|x64
		{ABD3F0B5-7D2F-4546-B190-1EFE0FC448EA}.Debug|x64.Deploy.0 = Debug|x64
		{ABD3F0B5-7D2F-4546-B190-1EFE0FC448EA}.Debug|x86.ActiveCfg = Debug|x86
		{ABD3F0B5-7D2F-4546-B190-1EFE0FC448EA}.Debug|x86.Build.0 = Debug|x86
		{ABD3F0B5-7D2F-4546-B190-1EFE0FC448EA}.Debug|x86.Deploy.0 = Debug|x86
		{ABD3F0B5-7D2F-4546-B190-1EFE0FC448EA}.Release|Any CPU.ActiveCfg = Release|Any CPU
		{ABD3F0B5-7D2F-4546-B190-1EFE0FC448EA}.Release|Any CPU.Build.0 = Release|Any CPU
		{ABD3F0B5-7D2F-4546-B190-1EFE0FC448EA}.Release|Any CPU.Deploy.0 = Release|Any CPU
		{ABD3F0B5-7D2F-4546-B190-1EFE0FC448EA}.Release|ARM.ActiveCfg = Release|ARM
		{ABD3F0B5-7D2F-4546-B190-1EFE0FC448EA}.Release|ARM.Build.0 = Release|ARM
		{ABD3F0B5-7D2F-4546-B190-1EFE0FC448EA}.Release|ARM.Deploy.0 = Release|ARM
		{ABD3F0B5-7D2F-4546-B190-1EFE0FC448EA}.Release|x64.ActiveCfg = Release|x64
		{ABD3F0B5-7D2F-4546-B190-1EFE0FC448EA}.Release|x64.Build.0 = Release|x64
		{ABD3F0B5-7D2F-4546-B190-1EFE0FC448EA}.Release|x64.Deploy.0 = Release|x64
		{ABD3F0B5-7D2F-4546-B190-1EFE0FC448EA}.Release|x86.ActiveCfg = Release|x86
		{ABD3F0B5-7D2F-4546-B190-1EFE0FC448EA}.Release|x86.Build.0 = Release|x86
		{ABD3F0B5-7D2F-4546-B190-1EFE0FC448EA}.Release|x86.Deploy.0 = Release|x86
	EndGlobalSection
	GlobalSection(SolutionProperties) = preSolution
		HideSolutionNode = FALSE
	EndGlobalSection
EndGlobal
